
Microsoft Visual Studio Solution File, Format Version 12.00
# Visual Studio Version 17
VisualStudioVersion = 17.5.002.0
MinimumVisualStudioVersion = 10.0.40219.1
Project("{9A19103F-16F7-4668-BE54-9A1E7A4F7556}") = "ArchiveLinks", "ArchiveLinks.csproj", "{D9679E15-2C41-495D-BC3B-1DB04086721A}"
EndProject
Global
	GlobalSection(SolutionConfigurationPlatforms) = preSolution
		Debug|Any CPU = Debug|Any CPU
		Release|Any CPU = Release|Any CPU
	EndGlobalSection
	GlobalSection(ProjectConfigurationPlatforms) = postSolution
		{D9679E15-2C41-495D-BC3B-1DB04086721A}.Debug|Any CPU.ActiveCfg = Debug|Any CPU
		{D9679E15-2C41-495D-BC3B-1DB04086721A}.Debug|Any CPU.Build.0 = Debug|Any CPU
		{D9679E15-2C41-495D-BC3B-1DB04086721A}.Release|Any CPU.ActiveCfg = Release|Any CPU
		{D9679E15-2C41-495D-BC3B-1DB04086721A}.Release|Any CPU.Build.0 = Release|Any CPU
	EndGlobalSection
	GlobalSection(SolutionProperties) = preSolution
		HideSolutionNode = FALSE
	EndGlobalSection
	GlobalSection(ExtensibilityGlobals) = postSolution
		SolutionGuid = {C299CE6D-009F-455C-9576-7C890DBE53D8}
	EndGlobalSection
EndGlobal
